
Microsoft Visual Studio Solution File, Format Version 12.00
# Visual Studio Version 17
VisualStudioVersion = 17.0.32014.148
MinimumVisualStudioVersion = 10.0.40219.1
Project("{9A19103F-16F7-4668-BE54-9A1E7A4F7556}") = "NerCoreGrpcService", "NerCoreGrpcService\NerCoreGrpcService.csproj", "{1E34E44B-8702-4A92-9CD7-38207036C531}"
EndProject
Project("{9A19103F-16F7-4668-BE54-9A1E7A4F7556}") = "NetCoreGrpcClient", "NetCoreGrpcClient\NetCoreGrpcClient.csproj", "{E5E8B747-BE8E-4609-B6F3-8142CA433FE4}"
EndProject
Global
	GlobalSection(SolutionConfigurationPlatforms) = preSolution
		Debug|Any CPU = Debug|Any CPU
		Release|Any CPU = Release|Any CPU
	EndGlobalSection
	GlobalSection(ProjectConfigurationPlatforms) = postSolution
		{1E34E44B-8702-4A92-9CD7-38207036C531}.Debug|Any CPU.ActiveCfg = Debug|Any CPU
		{1E34E44B-8702-4A92-9CD7-38207036C531}.Debug|Any CPU.Build.0 = Debug|Any CPU
		{1E34E44B-8702-4A92-9CD7-38207036C531}.Release|Any CPU.ActiveCfg = Release|Any CPU
		{1E34E44B-8702-4A92-9CD7-38207036C531}.Release|Any CPU.Build.0 = Release|Any CPU
		{E5E8B747-BE8E-4609-B6F3-8142CA433FE4}.Debug|Any CPU.ActiveCfg = Debug|Any CPU
		{E5E8B747-BE8E-4609-B6F3-8142CA433FE4}.Debug|Any CPU.Build.0 = Debug|Any CPU
		{E5E8B747-BE8E-4609-B6F3-8142CA433FE4}.Release|Any CPU.ActiveCfg = Release|Any CPU
		{E5E8B747-BE8E-4609-B6F3-8142CA433FE4}.Release|Any CPU.Build.0 = Release|Any CPU
	EndGlobalSection
	GlobalSection(SolutionProperties) = preSolution
		HideSolutionNode = FALSE
	EndGlobalSection
	GlobalSection(ExtensibilityGlobals) = postSolution
		SolutionGuid = {1D061416-5482-48A5-896B-705843405833}
	EndGlobalSection
EndGlobal
